# THIS IS AN AUTOGENERATED FILE. DO NOT EDIT THIS FILE DIRECTLY.
# yarn lockfile v1


ress@^3.0.0:
  version "3.0.0"
  resolved "https://registry.yarnpkg.com/ress/-/ress-3.0.0.tgz#45ec8304b67ea114b0cec733bf2628083f35aa9c"
  integrity sha512-MTPto7t44AawqmSbEmvMKoSMWPnxjaTuHf94s7RjWxuSGFN0o8/b+6yOwkaC50+Vihjsu6ODUEQR397gTMn57w==
